
Microsoft Visual Studio Solution File, Format Version 12.00
# Visual Studio Version 16
VisualStudioVersion = 16.0.34031.81
MinimumVisualStudioVersion = 10.0.40219.1
Project("{FAE04EC0-301F-11D3-BF4B-00C04F79EFBC}") = "Calisma3", "Calisma3\Calisma3.csproj", "{CF5E2E91-F131-47D3-B131-031DA62E7AD7}"
EndProject
Global
	GlobalSection(SolutionConfigurationPlatforms) = preSolution
		Debug|Any CPU = Debug|Any CPU
		Release|Any CPU = Release|Any CPU
	EndGlobalSection
	GlobalSection(ProjectConfigurationPlatforms) = postSolution
		{CF5E2E91-F131-47D3-B131-031DA62E7AD7}.Debug|Any CPU.ActiveCfg = Debug|Any CPU
		{CF5E2E91-F131-47D3-B131-031DA62E7AD7}.Debug|Any CPU.Build.0 = Debug|Any CPU
		{CF5E2E91-F131-47D3-B131-031DA62E7AD7}.Release|Any CPU.ActiveCfg = Release|Any CPU
		{CF5E2E91-F131-47D3-B131-031DA62E7AD7}.Release|Any CPU.Build.0 = Release|Any CPU
	EndGlobalSection
	GlobalSection(SolutionProperties) = preSolution
		HideSolutionNode = FALSE
	EndGlobalSection
	GlobalSection(ExtensibilityGlobals) = postSolution
		SolutionGuid = {8B1E6B3D-4D5E-4502-9458-52A4BD9F29C4}
	EndGlobalSection
EndGlobal
