
Microsoft Visual Studio Solution File, Format Version 12.00
# Visual Studio Version 16
VisualStudioVersion = 16.0.34031.81
MinimumVisualStudioVersion = 10.0.40219.1
Project("{FAE04EC0-301F-11D3-BF4B-00C04F79EFBC}") = "Calisma4", "Calisma4\Calisma4.csproj", "{923D7F0A-84F0-439A-A5D2-3FB59D068945}"
EndProject
Global
	GlobalSection(SolutionConfigurationPlatforms) = preSolution
		Debug|Any CPU = Debug|Any CPU
		Release|Any CPU = Release|Any CPU
	EndGlobalSection
	GlobalSection(ProjectConfigurationPlatforms) = postSolution
		{923D7F0A-84F0-439A-A5D2-3FB59D068945}.Debug|Any CPU.ActiveCfg = Debug|Any CPU
		{923D7F0A-84F0-439A-A5D2-3FB59D068945}.Debug|Any CPU.Build.0 = Debug|Any CPU
		{923D7F0A-84F0-439A-A5D2-3FB59D068945}.Release|Any CPU.ActiveCfg = Release|Any CPU
		{923D7F0A-84F0-439A-A5D2-3FB59D068945}.Release|Any CPU.Build.0 = Release|Any CPU
	EndGlobalSection
	GlobalSection(SolutionProperties) = preSolution
		HideSolutionNode = FALSE
	EndGlobalSection
	GlobalSection(ExtensibilityGlobals) = postSolution
		SolutionGuid = {1AEDE6C7-EBE4-4663-B82A-CBDF02B1545A}
	EndGlobalSection
EndGlobal
