
Microsoft Visual Studio Solution File, Format Version 12.00
# Visual Studio Version 16
VisualStudioVersion = 16.0.34031.81
MinimumVisualStudioVersion = 10.0.40219.1
Project("{FAE04EC0-301F-11D3-BF4B-00C04F79EFBC}") = "Emeklilik", "Calisma1\Emeklilik.csproj", "{00FFB413-51FA-4C32-9AA4-62D7364CDB77}"
EndProject
Global
	GlobalSection(SolutionConfigurationPlatforms) = preSolution
		Debug|Any CPU = Debug|Any CPU
		Release|Any CPU = Release|Any CPU
	EndGlobalSection
	GlobalSection(ProjectConfigurationPlatforms) = postSolution
		{00FFB413-51FA-4C32-9AA4-62D7364CDB77}.Debug|Any CPU.ActiveCfg = Debug|Any CPU
		{00FFB413-51FA-4C32-9AA4-62D7364CDB77}.Debug|Any CPU.Build.0 = Debug|Any CPU
		{00FFB413-51FA-4C32-9AA4-62D7364CDB77}.Release|Any CPU.ActiveCfg = Release|Any CPU
		{00FFB413-51FA-4C32-9AA4-62D7364CDB77}.Release|Any CPU.Build.0 = Release|Any CPU
	EndGlobalSection
	GlobalSection(SolutionProperties) = preSolution
		HideSolutionNode = FALSE
	EndGlobalSection
	GlobalSection(ExtensibilityGlobals) = postSolution
		SolutionGuid = {2FBD15E7-0396-413A-AFC8-F340B8C13C2B}
	EndGlobalSection
EndGlobal
