
Microsoft Visual Studio Solution File, Format Version 12.00
# Visual Studio Version 16
VisualStudioVersion = 16.0.34031.81
MinimumVisualStudioVersion = 10.0.40219.1
Project("{FAE04EC0-301F-11D3-BF4B-00C04F79EFBC}") = "Calisma6", "Calisma6\Calisma6.csproj", "{A6283CA7-543B-46BD-BC1B-ECBABBD379E3}"
EndProject
Global
	GlobalSection(SolutionConfigurationPlatforms) = preSolution
		Debug|Any CPU = Debug|Any CPU
		Release|Any CPU = Release|Any CPU
	EndGlobalSection
	GlobalSection(ProjectConfigurationPlatforms) = postSolution
		{A6283CA7-543B-46BD-BC1B-ECBABBD379E3}.Debug|Any CPU.ActiveCfg = Debug|Any CPU
		{A6283CA7-543B-46BD-BC1B-ECBABBD379E3}.Debug|Any CPU.Build.0 = Debug|Any CPU
		{A6283CA7-543B-46BD-BC1B-ECBABBD379E3}.Release|Any CPU.ActiveCfg = Release|Any CPU
		{A6283CA7-543B-46BD-BC1B-ECBABBD379E3}.Release|Any CPU.Build.0 = Release|Any CPU
	EndGlobalSection
	GlobalSection(SolutionProperties) = preSolution
		HideSolutionNode = FALSE
	EndGlobalSection
	GlobalSection(ExtensibilityGlobals) = postSolution
		SolutionGuid = {B78C66B4-7D25-47E7-B00D-F0C71BA0E88D}
	EndGlobalSection
EndGlobal
